// !$*UTF8*$!
{
	archiveVersion = 1;
	classes = {
	};
	objectVersion = 48;
	objects = {

/* Begin PBXBuildFile section */
		3B19FA12595E9C7DF1DB22E9 /* Pods_SecondChance.framework in Frameworks */ = {isa = PBXBuildFile; fileRef = A7CC323DF24BB0AFF9FD2571 /* Pods_SecondChance.framework */; };
		4024CAD32056F1220051836E /* AppDelegate.swift in Sources */ = {isa = PBXBuildFile; fileRef = 4024CAD22056F1220051836E /* AppDelegate.swift */; };
		4024CAD52056F1220051836E /* ViewController.swift in Sources */ = {isa = PBXBuildFile; fileRef = 4024CAD42056F1220051836E /* ViewController.swift */; };
		4024CAD82056F1220051836E /* Main.storyboard in Resources */ = {isa = PBXBuildFile; fileRef = 4024CAD62056F1220051836E /* Main.storyboard */; };
		4024CADD2056F1230051836E /* Assets.xcassets in Resources */ = {isa = PBXBuildFile; fileRef = 4024CADC2056F1230051836E /* Assets.xcassets */; };
		4024CAE02056F1230051836E /* LaunchScreen.storyboard in Resources */ = {isa = PBXBuildFile; fileRef = 4024CADE2056F1230051836E /* LaunchScreen.storyboard */; };
		40450B952059131D00377FCA /* API.swift in Sources */ = {isa = PBXBuildFile; fileRef = 40450B942059131D00377FCA /* API.swift */; };
		408C9F6B20587A4D006F67EE /* PagerIntroViewController.swift in Sources */ = {isa = PBXBuildFile; fileRef = 408C9F6A20587A4D006F67EE /* PagerIntroViewController.swift */; };
		408C9F6D20587C76006F67EE /* LoginViewController.swift in Sources */ = {isa = PBXBuildFile; fileRef = 408C9F6C20587C76006F67EE /* LoginViewController.swift */; };
		408C9F702058C809006F67EE /* Jelytta.ttf in Resources */ = {isa = PBXBuildFile; fileRef = 408C9F6F2058C809006F67EE /* Jelytta.ttf */; };
		408C9F722058CA39006F67EE /* SignupViewController.swift in Sources */ = {isa = PBXBuildFile; fileRef = 408C9F712058CA39006F67EE /* SignupViewController.swift */; };
		408C9F742058D7D5006F67EE /* PorfileViewController.swift in Sources */ = {isa = PBXBuildFile; fileRef = 408C9F732058D7D5006F67EE /* PorfileViewController.swift */; };
		408C9F762058D7DE006F67EE /* MessageViewController.swift in Sources */ = {isa = PBXBuildFile; fileRef = 408C9F752058D7DE006F67EE /* MessageViewController.swift */; };
		408C9F782058D7EC006F67EE /* HomeViewController.swift in Sources */ = {isa = PBXBuildFile; fileRef = 408C9F772058D7EC006F67EE /* HomeViewController.swift */; };
		40965F66206D138400F42419 /* FirstLoginViewController.swift in Sources */ = {isa = PBXBuildFile; fileRef = 40965F65206D138400F42419 /* FirstLoginViewController.swift */; };
		40A6E107206FE88D00C7F90F /* ImageGrid.swift in Sources */ = {isa = PBXBuildFile; fileRef = 40A6E106206FE88D00C7F90F /* ImageGrid.swift */; };
		40A6E10B206FEB4200C7F90F /* w.xib in Resources */ = {isa = PBXBuildFile; fileRef = 40A6E10A206FEB4200C7F90F /* w.xib */; };
		40A870AF2077867300F1AC3B /* Config.swift in Sources */ = {isa = PBXBuildFile; fileRef = 40A870AE2077867300F1AC3B /* Config.swift */; };
		40BA6D372072B44E0093BFD1 /* User.swift in Sources */ = {isa = PBXBuildFile; fileRef = 40BA6D362072B44E0093BFD1 /* User.swift */; };
		40BA6D392072B49E0093BFD1 /* Message.swift in Sources */ = {isa = PBXBuildFile; fileRef = 40BA6D382072B49E0093BFD1 /* Message.swift */; };
		40BA6D3C2072B50A0093BFD1 /* Helper Files.swift in Sources */ = {isa = PBXBuildFile; fileRef = 40BA6D3B2072B50A0093BFD1 /* Helper Files.swift */; };
		40BA6D3E2072B5530093BFD1 /* Conversation.swift in Sources */ = {isa = PBXBuildFile; fileRef = 40BA6D3D2072B5530093BFD1 /* Conversation.swift */; };
		843B2838207C0ADA0009B408 /* MessageTableViewCell.swift in Sources */ = {isa = PBXBuildFile; fileRef = 843B2837207C0ADA0009B408 /* MessageTableViewCell.swift */; };
		843B283C207C123B0009B408 /* ChatViewController.swift in Sources */ = {isa = PBXBuildFile; fileRef = 843B283B207C123B0009B408 /* ChatViewController.swift */; };
		843B283E207C45B40009B408 /* MessageAPI.swift in Sources */ = {isa = PBXBuildFile; fileRef = 843B283D207C45B40009B408 /* MessageAPI.swift */; };
		84D4FD07207B98F2000EE637 /* LikeMatchResume.swift in Sources */ = {isa = PBXBuildFile; fileRef = 84D4FD06207B98F2000EE637 /* LikeMatchResume.swift */; };
		84D4FD0C207BB7D7000EE637 /* LikeMatchAPI.swift in Sources */ = {isa = PBXBuildFile; fileRef = 84D4FD0A207BB420000EE637 /* LikeMatchAPI.swift */; };
		84E99FFC207AAE3200E1C7C4 /* MatchTableViewCell.swift in Sources */ = {isa = PBXBuildFile; fileRef = 84E99FFB207AAE3200E1C7C4 /* MatchTableViewCell.swift */; };
		84E99FFE207AB43900E1C7C4 /* MatchTableViewController.swift in Sources */ = {isa = PBXBuildFile; fileRef = 84E99FFD207AB43900E1C7C4 /* MatchTableViewController.swift */; };
/* End PBXBuildFile section */

/* Begin PBXFileReference section */
		4024CACF2056F1220051836E /* SecondChance.app */ = {isa = PBXFileReference; explicitFileType = wrapper.application; includeInIndex = 0; path = SecondChance.app; sourceTree = BUILT_PRODUCTS_DIR; };
		4024CAD22056F1220051836E /* AppDelegate.swift */ = {isa = PBXFileReference; lastKnownFileType = sourcecode.swift; path = AppDelegate.swift; sourceTree = "<group>"; };
		4024CAD42056F1220051836E /* ViewController.swift */ = {isa = PBXFileReference; lastKnownFileType = sourcecode.swift; path = ViewController.swift; sourceTree = "<group>"; };
		4024CAD72056F1220051836E /* Base */ = {isa = PBXFileReference; lastKnownFileType = file.storyboard; name = Base; path = Base.lproj/Main.storyboard; sourceTree = "<group>"; };
		4024CADC2056F1230051836E /* Assets.xcassets */ = {isa = PBXFileReference; lastKnownFileType = folder.assetcatalog; path = Assets.xcassets; sourceTree = "<group>"; };
		4024CADF2056F1230051836E /* Base */ = {isa = PBXFileReference; lastKnownFileType = file.storyboard; name = Base; path = Base.lproj/LaunchScreen.storyboard; sourceTree = "<group>"; };
		4024CAE12056F1230051836E /* Info.plist */ = {isa = PBXFileReference; lastKnownFileType = text.plist.xml; path = Info.plist; sourceTree = "<group>"; };
		40450B942059131D00377FCA /* API.swift */ = {isa = PBXFileReference; lastKnownFileType = sourcecode.swift; path = API.swift; sourceTree = "<group>"; };
		408C9F6A20587A4D006F67EE /* PagerIntroViewController.swift */ = {isa = PBXFileReference; lastKnownFileType = sourcecode.swift; path = PagerIntroViewController.swift; sourceTree = "<group>"; };
		408C9F6C20587C76006F67EE /* LoginViewController.swift */ = {isa = PBXFileReference; lastKnownFileType = sourcecode.swift; path = LoginViewController.swift; sourceTree = "<group>"; };
		408C9F6F2058C809006F67EE /* Jelytta.ttf */ = {isa = PBXFileReference; lastKnownFileType = file; path = Jelytta.ttf; sourceTree = "<group>"; };
		408C9F712058CA39006F67EE /* SignupViewController.swift */ = {isa = PBXFileReference; lastKnownFileType = sourcecode.swift; path = SignupViewController.swift; sourceTree = "<group>"; };
		408C9F732058D7D5006F67EE /* PorfileViewController.swift */ = {isa = PBXFileReference; lastKnownFileType = sourcecode.swift; path = PorfileViewController.swift; sourceTree = "<group>"; };
		408C9F752058D7DE006F67EE /* MessageViewController.swift */ = {isa = PBXFileReference; lastKnownFileType = sourcecode.swift; path = MessageViewController.swift; sourceTree = "<group>"; };
		408C9F772058D7EC006F67EE /* HomeViewController.swift */ = {isa = PBXFileReference; lastKnownFileType = sourcecode.swift; path = HomeViewController.swift; sourceTree = "<group>"; };
		40965F65206D138400F42419 /* FirstLoginViewController.swift */ = {isa = PBXFileReference; lastKnownFileType = sourcecode.swift; path = FirstLoginViewController.swift; sourceTree = "<group>"; };
		40965F69206E5F7200F42419 /* MavenPro-Bold.ttf */ = {isa = PBXFileReference; lastKnownFileType = file; path = "MavenPro-Bold.ttf"; sourceTree = "<group>"; };
		40965F6A206E5F7400F42419 /* MavenPro-Medium.ttf */ = {isa = PBXFileReference; lastKnownFileType = file; path = "MavenPro-Medium.ttf"; sourceTree = "<group>"; };
		40965F6B206E5F7700F42419 /* MavenPro-Regular.ttf */ = {isa = PBXFileReference; lastKnownFileType = file; path = "MavenPro-Regular.ttf"; sourceTree = "<group>"; };
		40A6E106206FE88D00C7F90F /* ImageGrid.swift */ = {isa = PBXFileReference; lastKnownFileType = sourcecode.swift; path = ImageGrid.swift; sourceTree = "<group>"; };
		40A6E10A206FEB4200C7F90F /* w.xib */ = {isa = PBXFileReference; lastKnownFileType = file.xib; path = w.xib; sourceTree = "<group>"; };
		40A870AE2077867300F1AC3B /* Config.swift */ = {isa = PBXFileReference; lastKnownFileType = sourcecode.swift; path = Config.swift; sourceTree = "<group>"; };
		40BA6D362072B44E0093BFD1 /* User.swift */ = {isa = PBXFileReference; lastKnownFileType = sourcecode.swift; path = User.swift; sourceTree = "<group>"; };
		40BA6D382072B49E0093BFD1 /* Message.swift */ = {isa = PBXFileReference; lastKnownFileType = sourcecode.swift; path = Message.swift; sourceTree = "<group>"; };
		40BA6D3B2072B50A0093BFD1 /* Helper Files.swift */ = {isa = PBXFileReference; lastKnownFileType = sourcecode.swift; path = "Helper Files.swift"; sourceTree = "<group>"; };
		40BA6D3D2072B5530093BFD1 /* Conversation.swift */ = {isa = PBXFileReference; lastKnownFileType = sourcecode.swift; path = Conversation.swift; sourceTree = "<group>"; };
		41748A2EAFA981699AB1DC73 /* Pods-SecondChance.release.xcconfig */ = {isa = PBXFileReference; includeInIndex = 1; lastKnownFileType = text.xcconfig; name = "Pods-SecondChance.release.xcconfig"; path = "Pods/Target Support Files/Pods-SecondChance/Pods-SecondChance.release.xcconfig"; sourceTree = "<group>"; };
		843B2837207C0ADA0009B408 /* MessageTableViewCell.swift */ = {isa = PBXFileReference; lastKnownFileType = sourcecode.swift; path = MessageTableViewCell.swift; sourceTree = "<group>"; };
		843B283B207C123B0009B408 /* ChatViewController.swift */ = {isa = PBXFileReference; lastKnownFileType = sourcecode.swift; path = ChatViewController.swift; sourceTree = "<group>"; };
		843B283D207C45B40009B408 /* MessageAPI.swift */ = {isa = PBXFileReference; lastKnownFileType = sourcecode.swift; path = MessageAPI.swift; sourceTree = "<group>"; };
		84D4FD06207B98F2000EE637 /* LikeMatchResume.swift */ = {isa = PBXFileReference; lastKnownFileType = sourcecode.swift; path = LikeMatchResume.swift; sourceTree = "<group>"; };
		84D4FD0A207BB420000EE637 /* LikeMatchAPI.swift */ = {isa = PBXFileReference; lastKnownFileType = sourcecode.swift; path = LikeMatchAPI.swift; sourceTree = "<group>"; };
		84E99FFB207AAE3200E1C7C4 /* MatchTableViewCell.swift */ = {isa = PBXFileReference; lastKnownFileType = sourcecode.swift; path = MatchTableViewCell.swift; sourceTree = "<group>"; };
		84E99FFD207AB43900E1C7C4 /* MatchTableViewController.swift */ = {isa = PBXFileReference; lastKnownFileType = sourcecode.swift; path = MatchTableViewController.swift; sourceTree = "<group>"; };
		A7CC323DF24BB0AFF9FD2571 /* Pods_SecondChance.framework */ = {isa = PBXFileReference; explicitFileType = wrapper.framework; includeInIndex = 0; path = Pods_SecondChance.framework; sourceTree = BUILT_PRODUCTS_DIR; };
		B0B3031D893A9BD685F4C014 /* Pods-SecondChance.debug.xcconfig */ = {isa = PBXFileReference; includeInIndex = 1; lastKnownFileType = text.xcconfig; name = "Pods-SecondChance.debug.xcconfig"; path = "Pods/Target Support Files/Pods-SecondChance/Pods-SecondChance.debug.xcconfig"; sourceTree = "<group>"; };
/* End PBXFileReference section */

/* Begin PBXFrameworksBuildPhase section */
		4024CACC2056F1220051836E /* Frameworks */ = {
			isa = PBXFrameworksBuildPhase;
			buildActionMask = 2147483647;
			files = (
				3B19FA12595E9C7DF1DB22E9 /* Pods_SecondChance.framework in Frameworks */,
			);
			runOnlyForDeploymentPostprocessing = 0;
		};
/* End PBXFrameworksBuildPhase section */

/* Begin PBXGroup section */
		4024CAC62056F1220051836E = {
			isa = PBXGroup;
			children = (
				4024CAD12056F1220051836E /* SecondChance */,
				4024CAD02056F1220051836E /* Products */,
				B8C39746ADD733130754D3AB /* Pods */,
				55F6CBCBC043A4A0AB5A0A1A /* Frameworks */,
			);
			sourceTree = "<group>";
		};
		4024CAD02056F1220051836E /* Products */ = {
			isa = PBXGroup;
			children = (
				4024CACF2056F1220051836E /* SecondChance.app */,
			);
			name = Products;
			sourceTree = "<group>";
		};
		4024CAD12056F1220051836E /* SecondChance */ = {
			isa = PBXGroup;
			children = (
				40BA6D3A2072B4F70093BFD1 /* Helper Files */,
				408C9F6920587A0F006F67EE /* Model */,
				408C9F68205879FB006F67EE /* API */,
				408C9F67205879EC006F67EE /* View */,
				408C9F66205879D3006F67EE /* Storyboards */,
				408C9F65205879BE006F67EE /* ViewControllers */,
				4024CAD22056F1220051836E /* AppDelegate.swift */,
				4024CADC2056F1230051836E /* Assets.xcassets */,
				4024CAE12056F1230051836E /* Info.plist */,
			);
			path = SecondChance;
			sourceTree = "<group>";
		};
		408C9F65205879BE006F67EE /* ViewControllers */ = {
			isa = PBXGroup;
			children = (
				4024CAD42056F1220051836E /* ViewController.swift */,
				408C9F6A20587A4D006F67EE /* PagerIntroViewController.swift */,
				408C9F6C20587C76006F67EE /* LoginViewController.swift */,
				408C9F712058CA39006F67EE /* SignupViewController.swift */,
				408C9F732058D7D5006F67EE /* PorfileViewController.swift */,
				408C9F752058D7DE006F67EE /* MessageViewController.swift */,
				408C9F772058D7EC006F67EE /* HomeViewController.swift */,
				40965F65206D138400F42419 /* FirstLoginViewController.swift */,
				40A6E106206FE88D00C7F90F /* ImageGrid.swift */,
				84E99FFB207AAE3200E1C7C4 /* MatchTableViewCell.swift */,
				84E99FFD207AB43900E1C7C4 /* MatchTableViewController.swift */,
				843B2837207C0ADA0009B408 /* MessageTableViewCell.swift */,
				843B283B207C123B0009B408 /* ChatViewController.swift */,
			);
			path = ViewControllers;
			sourceTree = "<group>";
		};
		408C9F66205879D3006F67EE /* Storyboards */ = {
			isa = PBXGroup;
			children = (
				4024CAD62056F1220051836E /* Main.storyboard */,
				4024CADE2056F1230051836E /* LaunchScreen.storyboard */,
				40A6E10A206FEB4200C7F90F /* w.xib */,
			);
			path = Storyboards;
			sourceTree = "<group>";
		};
		408C9F67205879EC006F67EE /* View */ = {
			isa = PBXGroup;
			children = (
				408C9F6E2058C7CF006F67EE /* Font */,
			);
			path = View;
			sourceTree = "<group>";
		};
		408C9F68205879FB006F67EE /* API */ = {
			isa = PBXGroup;
			children = (
				40450B942059131D00377FCA /* API.swift */,
				40A870AE2077867300F1AC3B /* Config.swift */,
				84D4FD0A207BB420000EE637 /* LikeMatchAPI.swift */,
				843B283D207C45B40009B408 /* MessageAPI.swift */,
			);
			path = API;
			sourceTree = "<group>";
		};
		408C9F6920587A0F006F67EE /* Model */ = {
			isa = PBXGroup;
			children = (
				40BA6D362072B44E0093BFD1 /* User.swift */,
				40BA6D382072B49E0093BFD1 /* Message.swift */,
				40BA6D3D2072B5530093BFD1 /* Conversation.swift */,
				84D4FD06207B98F2000EE637 /* LikeMatchResume.swift */,
			);
			path = Model;
			sourceTree = "<group>";
		};
		408C9F6E2058C7CF006F67EE /* Font */ = {
			isa = PBXGroup;
			children = (
				40965F69206E5F7200F42419 /* MavenPro-Bold.ttf */,
				40965F6A206E5F7400F42419 /* MavenPro-Medium.ttf */,
				40965F6B206E5F7700F42419 /* MavenPro-Regular.ttf */,
				408C9F6F2058C809006F67EE /* Jelytta.ttf */,
			);
			path = Font;
			sourceTree = "<group>";
		};
		40BA6D3A2072B4F70093BFD1 /* Helper Files */ = {
			isa = PBXGroup;
			children = (
				40BA6D3B2072B50A0093BFD1 /* Helper Files.swift */,
			);
			path = "Helper Files";
			sourceTree = "<group>";
		};
		55F6CBCBC043A4A0AB5A0A1A /* Frameworks */ = {
			isa = PBXGroup;
			children = (
				A7CC323DF24BB0AFF9FD2571 /* Pods_SecondChance.framework */,
			);
			name = Frameworks;
			sourceTree = "<group>";
		};
		B8C39746ADD733130754D3AB /* Pods */ = {
			isa = PBXGroup;
			children = (
				B0B3031D893A9BD685F4C014 /* Pods-SecondChance.debug.xcconfig */,
				41748A2EAFA981699AB1DC73 /* Pods-SecondChance.release.xcconfig */,
			);
			name = Pods;
			sourceTree = "<group>";
		};
/* End PBXGroup section */

/* Begin PBXNativeTarget section */
		4024CACE2056F1220051836E /* SecondChance */ = {
			isa = PBXNativeTarget;
			buildConfigurationList = 4024CAE42056F1230051836E /* Build configuration list for PBXNativeTarget "SecondChance" */;
			buildPhases = (
				BD0F55BD171154E9F2ABC2C4 /* [CP] Check Pods Manifest.lock */,
				4024CACB2056F1220051836E /* Sources */,
				4024CACC2056F1220051836E /* Frameworks */,
				4024CACD2056F1220051836E /* Resources */,
				387BDD365FF63C9C1A799605 /* [CP] Embed Pods Frameworks */,
			);
			buildRules = (
			);
			dependencies = (
			);
			name = SecondChance;
			productName = SecondChance;
			productReference = 4024CACF2056F1220051836E /* SecondChance.app */;
			productType = "com.apple.product-type.application";
		};
/* End PBXNativeTarget section */

/* Begin PBXProject section */
		4024CAC72056F1220051836E /* Project object */ = {
			isa = PBXProject;
			attributes = {
				LastSwiftUpdateCheck = 0920;
				LastUpgradeCheck = 0920;
				ORGANIZATIONNAME = Wafe;
				TargetAttributes = {
					4024CACE2056F1220051836E = {
						CreatedOnToolsVersion = 9.2;
						ProvisioningStyle = Automatic;
					};
				};
			};
			buildConfigurationList = 4024CACA2056F1220051836E /* Build configuration list for PBXProject "SecondChance" */;
			compatibilityVersion = "Xcode 8.0";
			developmentRegion = en;
			hasScannedForEncodings = 0;
			knownRegions = (
				en,
				Base,
			);
			mainGroup = 4024CAC62056F1220051836E;
			productRefGroup = 4024CAD02056F1220051836E /* Products */;
			projectDirPath = "";
			projectRoot = "";
			targets = (
				4024CACE2056F1220051836E /* SecondChance */,
			);
		};
/* End PBXProject section */

/* Begin PBXResourcesBuildPhase section */
		4024CACD2056F1220051836E /* Resources */ = {
			isa = PBXResourcesBuildPhase;
			buildActionMask = 2147483647;
			files = (
				408C9F702058C809006F67EE /* Jelytta.ttf in Resources */,
				4024CAE02056F1230051836E /* LaunchScreen.storyboard in Resources */,
				4024CADD2056F1230051836E /* Assets.xcassets in Resources */,
				4024CAD82056F1220051836E /* Main.storyboard in Resources */,
				40A6E10B206FEB4200C7F90F /* w.xib in Resources */,
			);
			runOnlyForDeploymentPostprocessing = 0;
		};
/* End PBXResourcesBuildPhase section */

/* Begin PBXShellScriptBuildPhase section */
		387BDD365FF63C9C1A799605 /* [CP] Embed Pods Frameworks */ = {
			isa = PBXShellScriptBuildPhase;
			buildActionMask = 2147483647;
			files = (
			);
			inputPaths = (
				"${SRCROOT}/Pods/Target Support Files/Pods-SecondChance/Pods-SecondChance-frameworks.sh",
				"${BUILT_PRODUCTS_DIR}/Alamofire/Alamofire.framework",
				"${BUILT_PRODUCTS_DIR}/AlamofireImage/AlamofireImage.framework",
				"${BUILT_PRODUCTS_DIR}/AlamofireObjectMapper/AlamofireObjectMapper.framework",
				"${BUILT_PRODUCTS_DIR}/ObjectMapper/ObjectMapper.framework",
				"${BUILT_PRODUCTS_DIR}/RAMAnimatedTabBarController/RAMAnimatedTabBarController.framework",
				"${BUILT_PRODUCTS_DIR}/SwiftyJSON/SwiftyJSON.framework",
				"${BUILT_PRODUCTS_DIR}/TextFieldEffects/TextFieldEffects.framework",
				"${BUILT_PRODUCTS_DIR}/TransitionButton/TransitionButton.framework",
				"${BUILT_PRODUCTS_DIR}/WARangeSlider/WARangeSlider.framework",
			);
			name = "[CP] Embed Pods Frameworks";
			outputPaths = (
				"${TARGET_BUILD_DIR}/${FRAMEWORKS_FOLDER_PATH}/Alamofire.framework",
				"${TARGET_BUILD_DIR}/${FRAMEWORKS_FOLDER_PATH}/AlamofireImage.framework",
				"${TARGET_BUILD_DIR}/${FRAMEWORKS_FOLDER_PATH}/AlamofireObjectMapper.framework",
				"${TARGET_BUILD_DIR}/${FRAMEWORKS_FOLDER_PATH}/ObjectMapper.framework",
				"${TARGET_BUILD_DIR}/${FRAMEWORKS_FOLDER_PATH}/RAMAnimatedTabBarController.framework",
				"${TARGET_BUILD_DIR}/${FRAMEWORKS_FOLDER_PATH}/SwiftyJSON.framework",
				"${TARGET_BUILD_DIR}/${FRAMEWORKS_FOLDER_PATH}/TextFieldEffects.framework",
				"${TARGET_BUILD_DIR}/${FRAMEWORKS_FOLDER_PATH}/TransitionButton.framework",
				"${TARGET_BUILD_DIR}/${FRAMEWORKS_FOLDER_PATH}/WARangeSlider.framework",
			);
			runOnlyForDeploymentPostprocessing = 0;
			shellPath = /bin/sh;
			shellScript = "\"${SRCROOT}/Pods/Target Support Files/Pods-SecondChance/Pods-SecondChance-frameworks.sh\"\n";
			showEnvVarsInLog = 0;
		};
		BD0F55BD171154E9F2ABC2C4 /* [CP] Check Pods Manifest.lock */ = {
			isa = PBXShellScriptBuildPhase;
			buildActionMask = 2147483647;
			files = (
			);
			inputPaths = (
				"${PODS_PODFILE_DIR_PATH}/Podfile.lock",
				"${PODS_ROOT}/Manifest.lock",
			);
			name = "[CP] Check Pods Manifest.lock";
			outputPaths = (
				"$(DERIVED_FILE_DIR)/Pods-SecondChance-checkManifestLockResult.txt",
			);
			runOnlyForDeploymentPostprocessing = 0;
			shellPath = /bin/sh;
			shellScript = "diff \"${PODS_PODFILE_DIR_PATH}/Podfile.lock\" \"${PODS_ROOT}/Manifest.lock\" > /dev/null\nif [ $? != 0 ] ; then\n    # print error to STDERR\n    echo \"error: The sandbox is not in sync with the Podfile.lock. Run 'pod install' or update your CocoaPods installation.\" >&2\n    exit 1\nfi\n# This output is used by Xcode 'outputs' to avoid re-running this script phase.\necho \"SUCCESS\" > \"${SCRIPT_OUTPUT_FILE_0}\"\n";
			showEnvVarsInLog = 0;
		};
/* End PBXShellScriptBuildPhase section */

/* Begin PBXSourcesBuildPhase section */
		4024CACB2056F1220051836E /* Sources */ = {
			isa = PBXSourcesBuildPhase;
			buildActionMask = 2147483647;
			files = (
				408C9F742058D7D5006F67EE /* PorfileViewController.swift in Sources */,
				408C9F6D20587C76006F67EE /* LoginViewController.swift in Sources */,
				843B283C207C123B0009B408 /* ChatViewController.swift in Sources */,
				4024CAD52056F1220051836E /* ViewController.swift in Sources */,
				40BA6D3E2072B5530093BFD1 /* Conversation.swift in Sources */,
				40A870AF2077867300F1AC3B /* Config.swift in Sources */,
				84E99FFE207AB43900E1C7C4 /* MatchTableViewController.swift in Sources */,
				843B283E207C45B40009B408 /* MessageAPI.swift in Sources */,
				408C9F782058D7EC006F67EE /* HomeViewController.swift in Sources */,
				40BA6D3C2072B50A0093BFD1 /* Helper Files.swift in Sources */,
				84D4FD0C207BB7D7000EE637 /* LikeMatchAPI.swift in Sources */,
				408C9F722058CA39006F67EE /* SignupViewController.swift in Sources */,
				408C9F6B20587A4D006F67EE /* PagerIntroViewController.swift in Sources */,
				4024CAD32056F1220051836E /* AppDelegate.swift in Sources */,
				40965F66206D138400F42419 /* FirstLoginViewController.swift in Sources */,
				40BA6D372072B44E0093BFD1 /* User.swift in Sources */,
				843B2838207C0ADA0009B408 /* MessageTableViewCell.swift in Sources */,
				40BA6D392072B49E0093BFD1 /* Message.swift in Sources */,
				84E99FFC207AAE3200E1C7C4 /* MatchTableViewCell.swift in Sources */,
				40A6E107206FE88D00C7F90F /* ImageGrid.swift in Sources */,
				40450B952059131D00377FCA /* API.swift in Sources */,
				408C9F762058D7DE006F67EE /* MessageViewController.swift in Sources */,
				84D4FD07207B98F2000EE637 /* LikeMatchResume.swift in Sources */,
			);
			runOnlyForDeploymentPostprocessing = 0;
		};
/* End PBXSourcesBuildPhase section */

/* Begin PBXVariantGroup section */
		4024CAD62056F1220051836E /* Main.storyboard */ = {
			isa = PBXVariantGroup;
			children = (
				4024CAD72056F1220051836E /* Base */,
			);
			name = Main.storyboard;
			sourceTree = "<group>";
		};
		4024CADE2056F1230051836E /* LaunchScreen.storyboard */ = {
			isa = PBXVariantGroup;
			children = (
				4024CADF2056F1230051836E /* Base */,
			);
			name = LaunchScreen.storyboard;
			sourceTree = "<group>";
		};
/* End PBXVariantGroup section */

/* Begin XCBuildConfiguration section */
		4024CAE22056F1230051836E /* Debug */ = {
			isa = XCBuildConfiguration;
			buildSettings = {
				ALWAYS_SEARCH_USER_PATHS = NO;
				CLANG_ANALYZER_NONNULL = YES;
				CLANG_ANALYZER_NUMBER_OBJECT_CONVERSION = YES_AGGRESSIVE;
				CLANG_CXX_LANGUAGE_STANDARD = "gnu++14";
				CLANG_CXX_LIBRARY = "libc++";
				CLANG_ENABLE_MODULES = YES;
				CLANG_ENABLE_OBJC_ARC = YES;
				CLANG_WARN_BLOCK_CAPTURE_AUTORELEASING = YES;
				CLANG_WARN_BOOL_CONVERSION = YES;
				CLANG_WARN_COMMA = YES;
				CLANG_WARN_CONSTANT_CONVERSION = YES;
				CLANG_WARN_DIRECT_OBJC_ISA_USAGE = YES_ERROR;
				CLANG_WARN_DOCUMENTATION_COMMENTS = YES;
				CLANG_WARN_EMPTY_BODY = YES;
				CLANG_WARN_ENUM_CONVERSION = YES;
				CLANG_WARN_INFINITE_RECURSION = YES;
				CLANG_WARN_INT_CONVERSION = YES;
				CLANG_WARN_NON_LITERAL_NULL_CONVERSION = YES;
				CLANG_WARN_OBJC_LITERAL_CONVERSION = YES;
				CLANG_WARN_OBJC_ROOT_CLASS = YES_ERROR;
				CLANG_WARN_RANGE_LOOP_ANALYSIS = YES;
				CLANG_WARN_STRICT_PROTOTYPES = YES;
				CLANG_WARN_SUSPICIOUS_MOVE = YES;
				CLANG_WARN_UNGUARDED_AVAILABILITY = YES_AGGRESSIVE;
				CLANG_WARN_UNREACHABLE_CODE = YES;
				CLANG_WARN__DUPLICATE_METHOD_MATCH = YES;
				CODE_SIGN_IDENTITY = "iPhone Developer";
				COPY_PHASE_STRIP = NO;
				DEBUG_INFORMATION_FORMAT = dwarf;
				ENABLE_STRICT_OBJC_MSGSEND = YES;
				ENABLE_TESTABILITY = YES;
				GCC_C_LANGUAGE_STANDARD = gnu11;
				GCC_DYNAMIC_NO_PIC = NO;
				GCC_NO_COMMON_BLOCKS = YES;
				GCC_OPTIMIZATION_LEVEL = 0;
				GCC_PREPROCESSOR_DEFINITIONS = (
					"DEBUG=1",
					"$(inherited)",
				);
				GCC_WARN_64_TO_32_BIT_CONVERSION = YES;
				GCC_WARN_ABOUT_RETURN_TYPE = YES_ERROR;
				GCC_WARN_UNDECLARED_SELECTOR = YES;
				GCC_WARN_UNINITIALIZED_AUTOS = YES_AGGRESSIVE;
				GCC_WARN_UNUSED_FUNCTION = YES;
				GCC_WARN_UNUSED_VARIABLE = YES;
				IPHONEOS_DEPLOYMENT_TARGET = 11.2;
				MTL_ENABLE_DEBUG_INFO = YES;
				ONLY_ACTIVE_ARCH = YES;
				SDKROOT = iphoneos;
				SWIFT_ACTIVE_COMPILATION_CONDITIONS = DEBUG;
				SWIFT_OPTIMIZATION_LEVEL = "-Onone";
			};
			name = Debug;
		};
		4024CAE32056F1230051836E /* Release */ = {
			isa = XCBuildConfiguration;
			buildSettings = {
				ALWAYS_SEARCH_USER_PATHS = NO;
				CLANG_ANALYZER_NONNULL = YES;
				CLANG_ANALYZER_NUMBER_OBJECT_CONVERSION = YES_AGGRESSIVE;
				CLANG_CXX_LANGUAGE_STANDARD = "gnu++14";
				CLANG_CXX_LIBRARY = "libc++";
				CLANG_ENABLE_MODULES = YES;
				CLANG_ENABLE_OBJC_ARC = YES;
				CLANG_WARN_BLOCK_CAPTURE_AUTORELEASING = YES;
				CLANG_WARN_BOOL_CONVERSION = YES;
				CLANG_WARN_COMMA = YES;
				CLANG_WARN_CONSTANT_CONVERSION = YES;
				CLANG_WARN_DIRECT_OBJC_ISA_USAGE = YES_ERROR;
				CLANG_WARN_DOCUMENTATION_COMMENTS = YES;
				CLANG_WARN_EMPTY_BODY = YES;
				CLANG_WARN_ENUM_CONVERSION = YES;
				CLANG_WARN_INFINITE_RECURSION = YES;
				CLANG_WARN_INT_CONVERSION = YES;
				CLANG_WARN_NON_LITERAL_NULL_CONVERSION = YES;
				CLANG_WARN_OBJC_LITERAL_CONVERSION = YES;
				CLANG_WARN_OBJC_ROOT_CLASS = YES_ERROR;
				CLANG_WARN_RANGE_LOOP_ANALYSIS = YES;
				CLANG_WARN_STRICT_PROTOTYPES = YES;
				CLANG_WARN_SUSPICIOUS_MOVE = YES;
				CLANG_WARN_UNGUARDED_AVAILABILITY = YES_AGGRESSIVE;
				CLANG_WARN_UNREACHABLE_CODE = YES;
				CLANG_WARN__DUPLICATE_METHOD_MATCH = YES;
				CODE_SIGN_IDENTITY = "iPhone Developer";
				COPY_PHASE_STRIP = NO;
				DEBUG_INFORMATION_FORMAT = "dwarf-with-dsym";
				ENABLE_NS_ASSERTIONS = NO;
				ENABLE_STRICT_OBJC_MSGSEND = YES;
				GCC_C_LANGUAGE_STANDARD = gnu11;
				GCC_NO_COMMON_BLOCKS = YES;
				GCC_WARN_64_TO_32_BIT_CONVERSION = YES;
				GCC_WARN_ABOUT_RETURN_TYPE = YES_ERROR;
				GCC_WARN_UNDECLARED_SELECTOR = YES;
				GCC_WARN_UNINITIALIZED_AUTOS = YES_AGGRESSIVE;
				GCC_WARN_UNUSED_FUNCTION = YES;
				GCC_WARN_UNUSED_VARIABLE = YES;
				IPHONEOS_DEPLOYMENT_TARGET = 11.2;
				MTL_ENABLE_DEBUG_INFO = NO;
				SDKROOT = iphoneos;
				SWIFT_OPTIMIZATION_LEVEL = "-Owholemodule";
				VALIDATE_PRODUCT = YES;
			};
			name = Release;
		};
		4024CAE52056F1230051836E /* Debug */ = {
			isa = XCBuildConfiguration;
			baseConfigurationReference = B0B3031D893A9BD685F4C014 /* Pods-SecondChance.debug.xcconfig */;
			buildSettings = {
				ASSETCATALOG_COMPILER_APPICON_NAME = AppIcon;
				CODE_SIGN_STYLE = Automatic;
				INFOPLIST_FILE = SecondChance/Info.plist;
				LD_RUNPATH_SEARCH_PATHS = "$(inherited) @executable_path/Frameworks";
				PRODUCT_BUNDLE_IDENTIFIER = com.esprit.secondchance.SecondChance;
				PRODUCT_NAME = "$(TARGET_NAME)";
				SWIFT_VERSION = 4.0;
				TARGETED_DEVICE_FAMILY = "1,2";
			};
			name = Debug;
		};
		4024CAE62056F1230051836E /* Release */ = {
			isa = XCBuildConfiguration;
			baseConfigurationReference = 41748A2EAFA981699AB1DC73 /* Pods-SecondChance.release.xcconfig */;
			buildSettings = {
				ASSETCATALOG_COMPILER_APPICON_NAME = AppIcon;
				CODE_SIGN_STYLE = Automatic;
				INFOPLIST_FILE = SecondChance/Info.plist;
				LD_RUNPATH_SEARCH_PATHS = "$(inherited) @executable_path/Frameworks";
				PRODUCT_BUNDLE_IDENTIFIER = com.esprit.secondchance.SecondChance;
				PRODUCT_NAME = "$(TARGET_NAME)";
				SWIFT_VERSION = 4.0;
				TARGETED_DEVICE_FAMILY = "1,2";
			};
			name = Release;
		};
/* End XCBuildConfiguration section */

/* Begin XCConfigurationList section */
		4024CACA2056F1220051836E /* Build configuration list for PBXProject "SecondChance" */ = {
			isa = XCConfigurationList;
			buildConfigurations = (
				4024CAE22056F1230051836E /* Debug */,
				4024CAE32056F1230051836E /* Release */,
			);
			defaultConfigurationIsVisible = 0;
			defaultConfigurationName = Release;
		};
		4024CAE42056F1230051836E /* Build configuration list for PBXNativeTarget "SecondChance" */ = {
			isa = XCConfigurationList;
			buildConfigurations = (
				4024CAE52056F1230051836E /* Debug */,
				4024CAE62056F1230051836E /* Release */,
			);
			defaultConfigurationIsVisible = 0;
			defaultConfigurationName = Release;
		};
/* End XCConfigurationList section */
	};
	rootObject = 4024CAC72056F1220051836E /* Project object */;
}
